
Microsoft Visual Studio Solution File, Format Version 12.00
# Visual Studio Version 16
VisualStudioVersion = 16.0.29001.49
MinimumVisualStudioVersion = 10.0.40219.1
Project("{FAE04EC0-301F-11D3-BF4B-00C04F79EFBC}") = "GraficadorSeñales", "GraficadorSeñales\GraficadorSeñales.csproj", "{1221CABE-AD8F-4F19-867C-3D35337AFAA3}"
EndProject
Global
	GlobalSection(SolutionConfigurationPlatforms) = preSolution
		Debug|Any CPU = Debug|Any CPU
		Release|Any CPU = Release|Any CPU
	EndGlobalSection
	GlobalSection(ProjectConfigurationPlatforms) = postSolution
		{1221CABE-AD8F-4F19-867C-3D35337AFAA3}.Debug|Any CPU.ActiveCfg = Debug|Any CPU
		{1221CABE-AD8F-4F19-867C-3D35337AFAA3}.Debug|Any CPU.Build.0 = Debug|Any CPU
		{1221CABE-AD8F-4F19-867C-3D35337AFAA3}.Release|Any CPU.ActiveCfg = Release|Any CPU
		{1221CABE-AD8F-4F19-867C-3D35337AFAA3}.Release|Any CPU.Build.0 = Release|Any CPU
	EndGlobalSection
	GlobalSection(SolutionProperties) = preSolution
		HideSolutionNode = FALSE
	EndGlobalSection
	GlobalSection(ExtensibilityGlobals) = postSolution
		SolutionGuid = {F64077EB-EC75-4F96-84F6-BDC4778AF492}
	EndGlobalSection
EndGlobal
